# THIS IS AN AUTOGENERATED FILE. DO NOT EDIT THIS FILE DIRECTLY.
# yarn lockfile v1


"@quirk0.o/async@^1.0.1":
  version "1.0.1"
  resolved "https://registry.yarnpkg.com/@quirk0.o/async/-/async-1.0.1.tgz#9e31590ba0c7af5100af86e73587fa2199639b76"

"@quirk0.o/benchmark@^1.0.1":
  version "1.0.1"
  resolved "https://registry.yarnpkg.com/@quirk0.o/benchmark/-/benchmark-1.0.1.tgz#1f8d4ad72df3b70dcdacad123a3fc1f3da1e2692"
  dependencies:
    "@quirk0.o/async" "^1.0.1"

"@quirk0.o/cloud-functions-common@^3.0.1":
  version "3.0.1"
  resolved "https://registry.yarnpkg.com/@quirk0.o/cloud-functions-common/-/cloud-functions-common-3.0.1.tgz#09fdddef313fe80d9436b1c621b3e5f68477dea5"

"@quirk0.o/random-stream@^1.0.0":
  version "1.0.0"
  resolved "https://registry.yarnpkg.com/@quirk0.o/random-stream/-/random-stream-1.0.0.tgz#f5d8b1486a99cf0d732530806992b190d79c7418"
  dependencies:
    "@quirk0.o/random-string" "^1.0.0"

"@quirk0.o/random-string@^1.0.0":
  version "1.0.0"
  resolved "https://registry.yarnpkg.com/@quirk0.o/random-string/-/random-string-1.0.0.tgz#5d59a95ddf3b0da6c3f01765f5ae7af160645d45"

bluebird@^3.5.0:
  version "3.5.1"
  resolved "https://registry.yarnpkg.com/bluebird/-/bluebird-3.5.1.tgz#d9551f9de98f1fcda1e683d17ee91a0602ee2eb9"

bytes@^3.0.0:
  version "3.0.0"
  resolved "https://registry.yarnpkg.com/bytes/-/bytes-3.0.0.tgz#d32815404d689699f85a4ea4fa8755dd13a96048"

s3-upload-stream@^1.0.7:
  version "1.0.7"
  resolved "https://registry.yarnpkg.com/s3-upload-stream/-/s3-upload-stream-1.0.7.tgz#e3f80253141c569f105a62aa50ca9b45760e481d"
